
Microsoft Visual Studio Solution File, Format Version 12.00
# Visual Studio 15
VisualStudioVersion = 15.0.26430.6
MinimumVisualStudioVersion = 10.0.40219.1
Project("{FAE04EC0-301F-11D3-BF4B-00C04F79EFBC}") = "ValidationEngine", "ValidationEngine\ValidationEngine.csproj", "{566898AC-B3C6-4FA0-89BD-A6CAC06CBD18}"
EndProject
Project("{2150E333-8FDC-42A3-9474-1A3956D46DE8}") = "Exercise01", "Exercise01", "{3F6E975B-7F8C-4800-B435-8652FE68304D}"
EndProject
Project("{FAE04EC0-301F-11D3-BF4B-00C04F79EFBC}") = "ValidationEngineTests", "ValidationEngineTests\ValidationEngineTests.csproj", "{63BAE7CB-9B90-42C5-9076-A088DB89195B}"
EndProject
Project("{2150E333-8FDC-42A3-9474-1A3956D46DE8}") = "Exercise02", "Exercise02", "{19B6B17C-31FC-48F2-8FEE-37E167134C4D}"
EndProject
Project("{FAE04EC0-301F-11D3-BF4B-00C04F79EFBC}") = "TravelAgency", "TravelAgency\TravelAgency.csproj", "{AF60345B-965E-4B9F-AF1D-3E0DC3D5A092}"
EndProject
Project("{FAE04EC0-301F-11D3-BF4B-00C04F79EFBC}") = "TravelAgencyTests", "TravelAgencyTests\TravelAgencyTests.csproj", "{AB3476B5-8E06-40A5-B87C-2DF547CF7846}"
EndProject
Project("{2150E333-8FDC-42A3-9474-1A3956D46DE8}") = "Exercise03", "Exercise03", "{DC7FA483-74F4-4F69-8F8A-478EB8A76E08}"
EndProject
Project("{FAE04EC0-301F-11D3-BF4B-00C04F79EFBC}") = "Calculator", "Calculator\Calculator.csproj", "{9181DB22-B930-4185-87B5-B9FD60B58CFC}"
EndProject
Project("{FAE04EC0-301F-11D3-BF4B-00C04F79EFBC}") = "CalculatorTest", "CalculatorTest\CalculatorTest.csproj", "{6BFAC0B0-C6C5-4D0E-B97E-014B6FCF9C93}"
EndProject
Project("{2150E333-8FDC-42A3-9474-1A3956D46DE8}") = "Exercise04", "Exercise04", "{094B5F12-5273-425B-9029-79426D0E6F42}"
EndProject
Project("{FAE04EC0-301F-11D3-BF4B-00C04F79EFBC}") = "TravelAgencysTests", "..\..\..\..\Desktop\TDD-master\TravelAgencysTests\TravelAgencysTests.csproj", "{EDB57B38-AF87-4B3E-8C7A-A10660088AF6}"
EndProject
Project("{FAE04EC0-301F-11D3-BF4B-00C04F79EFBC}") = "TravelAgencys", "..\..\..\..\Desktop\TDD-master\TravelAgencys\TravelAgencys.csproj", "{BC707B2F-0333-4084-BB47-AFC63252A11F}"
EndProject
Project("{2150E333-8FDC-42A3-9474-1A3956D46DE8}") = "Extra_Exercise3", "Extra_Exercise3", "{804DE56E-880F-4337-98A8-130F699419F7}"
EndProject
Project("{FAE04EC0-301F-11D3-BF4B-00C04F79EFBC}") = "Extra_Exercise_3", "..\..\..\..\Desktop\TDD-master\Extra_Exercise_3\Extra_Exercise_3.csproj", "{BCC359F8-C6BB-46B3-BA8F-53EAEE9F24EF}"
EndProject
Project("{FAE04EC0-301F-11D3-BF4B-00C04F79EFBC}") = "Extra_Exercise_3Test", "..\..\..\..\Desktop\TDD-master\Extra_Exercise_3Test\Extra_Exercise_3Test.csproj", "{708E3BC0-04F8-4F45-B677-D9B3A0FC532E}"
EndProject
Global
	GlobalSection(SolutionConfigurationPlatforms) = preSolution
		Debug|Any CPU = Debug|Any CPU
		Release|Any CPU = Release|Any CPU
	EndGlobalSection
	GlobalSection(ProjectConfigurationPlatforms) = postSolution
		{566898AC-B3C6-4FA0-89BD-A6CAC06CBD18}.Debug|Any CPU.ActiveCfg = Debug|Any CPU
		{566898AC-B3C6-4FA0-89BD-A6CAC06CBD18}.Debug|Any CPU.Build.0 = Debug|Any CPU
		{566898AC-B3C6-4FA0-89BD-A6CAC06CBD18}.Release|Any CPU.ActiveCfg = Release|Any CPU
		{566898AC-B3C6-4FA0-89BD-A6CAC06CBD18}.Release|Any CPU.Build.0 = Release|Any CPU
		{63BAE7CB-9B90-42C5-9076-A088DB89195B}.Debug|Any CPU.ActiveCfg = Debug|Any CPU
		{63BAE7CB-9B90-42C5-9076-A088DB89195B}.Debug|Any CPU.Build.0 = Debug|Any CPU
		{63BAE7CB-9B90-42C5-9076-A088DB89195B}.Release|Any CPU.ActiveCfg = Release|Any CPU
		{63BAE7CB-9B90-42C5-9076-A088DB89195B}.Release|Any CPU.Build.0 = Release|Any CPU
		{AF60345B-965E-4B9F-AF1D-3E0DC3D5A092}.Debug|Any CPU.ActiveCfg = Debug|Any CPU
		{AF60345B-965E-4B9F-AF1D-3E0DC3D5A092}.Debug|Any CPU.Build.0 = Debug|Any CPU
		{AF60345B-965E-4B9F-AF1D-3E0DC3D5A092}.Release|Any CPU.ActiveCfg = Release|Any CPU
		{AF60345B-965E-4B9F-AF1D-3E0DC3D5A092}.Release|Any CPU.Build.0 = Release|Any CPU
		{AB3476B5-8E06-40A5-B87C-2DF547CF7846}.Debug|Any CPU.ActiveCfg = Debug|Any CPU
		{AB3476B5-8E06-40A5-B87C-2DF547CF7846}.Debug|Any CPU.Build.0 = Debug|Any CPU
		{AB3476B5-8E06-40A5-B87C-2DF547CF7846}.Release|Any CPU.ActiveCfg = Release|Any CPU
		{AB3476B5-8E06-40A5-B87C-2DF547CF7846}.Release|Any CPU.Build.0 = Release|Any CPU
		{9181DB22-B930-4185-87B5-B9FD60B58CFC}.Debug|Any CPU.ActiveCfg = Debug|Any CPU
		{9181DB22-B930-4185-87B5-B9FD60B58CFC}.Debug|Any CPU.Build.0 = Debug|Any CPU
		{9181DB22-B930-4185-87B5-B9FD60B58CFC}.Release|Any CPU.ActiveCfg = Release|Any CPU
		{9181DB22-B930-4185-87B5-B9FD60B58CFC}.Release|Any CPU.Build.0 = Release|Any CPU
		{6BFAC0B0-C6C5-4D0E-B97E-014B6FCF9C93}.Debug|Any CPU.ActiveCfg = Debug|Any CPU
		{6BFAC0B0-C6C5-4D0E-B97E-014B6FCF9C93}.Debug|Any CPU.Build.0 = Debug|Any CPU
		{6BFAC0B0-C6C5-4D0E-B97E-014B6FCF9C93}.Release|Any CPU.ActiveCfg = Release|Any CPU
		{6BFAC0B0-C6C5-4D0E-B97E-014B6FCF9C93}.Release|Any CPU.Build.0 = Release|Any CPU
		{EDB57B38-AF87-4B3E-8C7A-A10660088AF6}.Debug|Any CPU.ActiveCfg = Debug|Any CPU
		{EDB57B38-AF87-4B3E-8C7A-A10660088AF6}.Debug|Any CPU.Build.0 = Debug|Any CPU
		{EDB57B38-AF87-4B3E-8C7A-A10660088AF6}.Release|Any CPU.ActiveCfg = Release|Any CPU
		{EDB57B38-AF87-4B3E-8C7A-A10660088AF6}.Release|Any CPU.Build.0 = Release|Any CPU
		{BC707B2F-0333-4084-BB47-AFC63252A11F}.Debug|Any CPU.ActiveCfg = Debug|Any CPU
		{BC707B2F-0333-4084-BB47-AFC63252A11F}.Debug|Any CPU.Build.0 = Debug|Any CPU
		{BC707B2F-0333-4084-BB47-AFC63252A11F}.Release|Any CPU.ActiveCfg = Release|Any CPU
		{BC707B2F-0333-4084-BB47-AFC63252A11F}.Release|Any CPU.Build.0 = Release|Any CPU
		{BCC359F8-C6BB-46B3-BA8F-53EAEE9F24EF}.Debug|Any CPU.ActiveCfg = Debug|Any CPU
		{BCC359F8-C6BB-46B3-BA8F-53EAEE9F24EF}.Debug|Any CPU.Build.0 = Debug|Any CPU
		{BCC359F8-C6BB-46B3-BA8F-53EAEE9F24EF}.Release|Any CPU.ActiveCfg = Release|Any CPU
		{BCC359F8-C6BB-46B3-BA8F-53EAEE9F24EF}.Release|Any CPU.Build.0 = Release|Any CPU
		{708E3BC0-04F8-4F45-B677-D9B3A0FC532E}.Debug|Any CPU.ActiveCfg = Debug|Any CPU
		{708E3BC0-04F8-4F45-B677-D9B3A0FC532E}.Debug|Any CPU.Build.0 = Debug|Any CPU
		{708E3BC0-04F8-4F45-B677-D9B3A0FC532E}.Release|Any CPU.ActiveCfg = Release|Any CPU
		{708E3BC0-04F8-4F45-B677-D9B3A0FC532E}.Release|Any CPU.Build.0 = Release|Any CPU
	EndGlobalSection
	GlobalSection(SolutionProperties) = preSolution
		HideSolutionNode = FALSE
	EndGlobalSection
	GlobalSection(NestedProjects) = preSolution
		{566898AC-B3C6-4FA0-89BD-A6CAC06CBD18} = {3F6E975B-7F8C-4800-B435-8652FE68304D}
		{63BAE7CB-9B90-42C5-9076-A088DB89195B} = {3F6E975B-7F8C-4800-B435-8652FE68304D}
		{AF60345B-965E-4B9F-AF1D-3E0DC3D5A092} = {19B6B17C-31FC-48F2-8FEE-37E167134C4D}
		{AB3476B5-8E06-40A5-B87C-2DF547CF7846} = {19B6B17C-31FC-48F2-8FEE-37E167134C4D}
		{9181DB22-B930-4185-87B5-B9FD60B58CFC} = {DC7FA483-74F4-4F69-8F8A-478EB8A76E08}
		{6BFAC0B0-C6C5-4D0E-B97E-014B6FCF9C93} = {DC7FA483-74F4-4F69-8F8A-478EB8A76E08}
		{EDB57B38-AF87-4B3E-8C7A-A10660088AF6} = {094B5F12-5273-425B-9029-79426D0E6F42}
		{BC707B2F-0333-4084-BB47-AFC63252A11F} = {094B5F12-5273-425B-9029-79426D0E6F42}
		{BCC359F8-C6BB-46B3-BA8F-53EAEE9F24EF} = {804DE56E-880F-4337-98A8-130F699419F7}
		{708E3BC0-04F8-4F45-B677-D9B3A0FC532E} = {804DE56E-880F-4337-98A8-130F699419F7}
	EndGlobalSection
EndGlobal
